
Microsoft Visual Studio Solution File, Format Version 12.00
# Visual Studio Version 17
VisualStudioVersion = 17.8.34601.278
MinimumVisualStudioVersion = 10.0.40219.1
Project("{FAE04EC0-301F-11D3-BF4B-00C04F79EFBC}") = "Bubblesort", "Bubblesort.csproj", "{599DFB74-181C-4FD4-932A-27FACC1CAF4F}"
EndProject
Global
	GlobalSection(SolutionConfigurationPlatforms) = preSolution
		Debug|Any CPU = Debug|Any CPU
		Release|Any CPU = Release|Any CPU
	EndGlobalSection
	GlobalSection(ProjectConfigurationPlatforms) = postSolution
		{599DFB74-181C-4FD4-932A-27FACC1CAF4F}.Debug|Any CPU.ActiveCfg = Debug|Any CPU
		{599DFB74-181C-4FD4-932A-27FACC1CAF4F}.Debug|Any CPU.Build.0 = Debug|Any CPU
		{599DFB74-181C-4FD4-932A-27FACC1CAF4F}.Release|Any CPU.ActiveCfg = Release|Any CPU
		{599DFB74-181C-4FD4-932A-27FACC1CAF4F}.Release|Any CPU.Build.0 = Release|Any CPU
	EndGlobalSection
	GlobalSection(SolutionProperties) = preSolution
		HideSolutionNode = FALSE
	EndGlobalSection
	GlobalSection(ExtensibilityGlobals) = postSolution
		SolutionGuid = {11CCDD29-375A-4F5C-8FBE-472D101AB6CE}
	EndGlobalSection
EndGlobal
